// !$*UTF8*$!
{
	archiveVersion = 1;
	classes = {
	};
	objectVersion = 50;
	objects = {

/* Begin PBXBuildFile section */
		2D92925126835960006DEBE4 /* SwiftUI_SpicyDishesApp.swift in Sources */ = {isa = PBXBuildFile; fileRef = 2D92925026835960006DEBE4 /* SwiftUI_SpicyDishesApp.swift */; };
		2D92925326835960006DEBE4 /* ContentView.swift in Sources */ = {isa = PBXBuildFile; fileRef = 2D92925226835960006DEBE4 /* ContentView.swift */; };
		2D92925526835963006DEBE4 /* Assets.xcassets in Resources */ = {isa = PBXBuildFile; fileRef = 2D92925426835963006DEBE4 /* Assets.xcassets */; };
		2D92925826835963006DEBE4 /* Preview Assets.xcassets in Resources */ = {isa = PBXBuildFile; fileRef = 2D92925726835963006DEBE4 /* Preview Assets.xcassets */; };
		2D92926326835964006DEBE4 /* SwiftUI_SpicyDishesTests.swift in Sources */ = {isa = PBXBuildFile; fileRef = 2D92926226835964006DEBE4 /* SwiftUI_SpicyDishesTests.swift */; };
		2D92926E26835964006DEBE4 /* SwiftUI_SpicyDishesUITests.swift in Sources */ = {isa = PBXBuildFile; fileRef = 2D92926D26835964006DEBE4 /* SwiftUI_SpicyDishesUITests.swift */; };
/* End PBXBuildFile section */

/* Begin PBXContainerItemProxy section */
		2D92925F26835964006DEBE4 /* PBXContainerItemProxy */ = {
			isa = PBXContainerItemProxy;
			containerPortal = 2D92924526835960006DEBE4 /* Project object */;
			proxyType = 1;
			remoteGlobalIDString = 2D92924C26835960006DEBE4;
			remoteInfo = "SwiftUI-SpicyDishes";
		};
		2D92926A26835964006DEBE4 /* PBXContainerItemProxy */ = {
			isa = PBXContainerItemProxy;
			containerPortal = 2D92924526835960006DEBE4 /* Project object */;
			proxyType = 1;
			remoteGlobalIDString = 2D92924C26835960006DEBE4;
			remoteInfo = "SwiftUI-SpicyDishes";
		};
/* End PBXContainerItemProxy section */

/* Begin PBXFileReference section */
		2D92924D26835960006DEBE4 /* SwiftUI-SpicyDishes.app */ = {isa = PBXFileReference; explicitFileType = wrapper.application; includeInIndex = 0; path = "SwiftUI-SpicyDishes.app"; sourceTree = BUILT_PRODUCTS_DIR; };
		2D92925026835960006DEBE4 /* SwiftUI_SpicyDishesApp.swift */ = {isa = PBXFileReference; lastKnownFileType = sourcecode.swift; path = SwiftUI_SpicyDishesApp.swift; sourceTree = "<group>"; };
		2D92925226835960006DEBE4 /* ContentView.swift */ = {isa = PBXFileReference; lastKnownFileType = sourcecode.swift; path = ContentView.swift; sourceTree = "<group>"; };
		2D92925426835963006DEBE4 /* Assets.xcassets */ = {isa = PBXFileReference; lastKnownFileType = folder.assetcatalog; path = Assets.xcassets; sourceTree = "<group>"; };
		2D92925726835963006DEBE4 /* Preview Assets.xcassets */ = {isa = PBXFileReference; lastKnownFileType = folder.assetcatalog; path = "Preview Assets.xcassets"; sourceTree = "<group>"; };
		2D92925926835963006DEBE4 /* Info.plist */ = {isa = PBXFileReference; lastKnownFileType = text.plist.xml; path = Info.plist; sourceTree = "<group>"; };
		2D92925E26835964006DEBE4 /* SwiftUI-SpicyDishesTests.xctest */ = {isa = PBXFileReference; explicitFileType = wrapper.cfbundle; includeInIndex = 0; path = "SwiftUI-SpicyDishesTests.xctest"; sourceTree = BUILT_PRODUCTS_DIR; };
		2D92926226835964006DEBE4 /* SwiftUI_SpicyDishesTests.swift */ = {isa = PBXFileReference; lastKnownFileType = sourcecode.swift; path = SwiftUI_SpicyDishesTests.swift; sourceTree = "<group>"; };
		2D92926426835964006DEBE4 /* Info.plist */ = {isa = PBXFileReference; lastKnownFileType = text.plist.xml; path = Info.plist; sourceTree = "<group>"; };
		2D92926926835964006DEBE4 /* SwiftUI-SpicyDishesUITests.xctest */ = {isa = PBXFileReference; explicitFileType = wrapper.cfbundle; includeInIndex = 0; path = "SwiftUI-SpicyDishesUITests.xctest"; sourceTree = BUILT_PRODUCTS_DIR; };
		2D92926D26835964006DEBE4 /* SwiftUI_SpicyDishesUITests.swift */ = {isa = PBXFileReference; lastKnownFileType = sourcecode.swift; path = SwiftUI_SpicyDishesUITests.swift; sourceTree = "<group>"; };
		2D92926F26835964006DEBE4 /* Info.plist */ = {isa = PBXFileReference; lastKnownFileType = text.plist.xml; path = Info.plist; sourceTree = "<group>"; };
/* End PBXFileReference section */

/* Begin PBXFrameworksBuildPhase section */
		2D92924A26835960006DEBE4 /* Frameworks */ = {
			isa = PBXFrameworksBuildPhase;
			buildActionMask = 2147483647;
			files = (
			);
			runOnlyForDeploymentPostprocessing = 0;
		};
		2D92925B26835964006DEBE4 /* Frameworks */ = {
			isa = PBXFrameworksBuildPhase;
			buildActionMask = 2147483647;
			files = (
			);
			runOnlyForDeploymentPostprocessing = 0;
		};
		2D92926626835964006DEBE4 /* Frameworks */ = {
			isa = PBXFrameworksBuildPhase;
			buildActionMask = 2147483647;
			files = (
			);
			runOnlyForDeploymentPostprocessing = 0;
		};
/* End PBXFrameworksBuildPhase section */

/* Begin PBXGroup section */
		2D92924426835960006DEBE4 = {
			isa = PBXGroup;
			children = (
				2D92924F26835960006DEBE4 /* SwiftUI-SpicyDishes */,
				2D92926126835964006DEBE4 /* SwiftUI-SpicyDishesTests */,
				2D92926C26835964006DEBE4 /* SwiftUI-SpicyDishesUITests */,
				2D92924E26835960006DEBE4 /* Products */,
			);
			sourceTree = "<group>";
		};
		2D92924E26835960006DEBE4 /* Products */ = {
			isa = PBXGroup;
			children = (
				2D92924D26835960006DEBE4 /* SwiftUI-SpicyDishes.app */,
				2D92925E26835964006DEBE4 /* SwiftUI-SpicyDishesTests.xctest */,
				2D92926926835964006DEBE4 /* SwiftUI-SpicyDishesUITests.xctest */,
			);
			name = Products;
			sourceTree = "<group>";
		};
		2D92924F26835960006DEBE4 /* SwiftUI-SpicyDishes */ = {
			isa = PBXGroup;
			children = (
				2D92925026835960006DEBE4 /* SwiftUI_SpicyDishesApp.swift */,
				2D92925226835960006DEBE4 /* ContentView.swift */,
				2D92925426835963006DEBE4 /* Assets.xcassets */,
				2D92925926835963006DEBE4 /* Info.plist */,
				2D92925626835963006DEBE4 /* Preview Content */,
			);
			path = "SwiftUI-SpicyDishes";
			sourceTree = "<group>";
		};
		2D92925626835963006DEBE4 /* Preview Content */ = {
			isa = PBXGroup;
			children = (
				2D92925726835963006DEBE4 /* Preview Assets.xcassets */,
			);
			path = "Preview Content";
			sourceTree = "<group>";
		};
		2D92926126835964006DEBE4 /* SwiftUI-SpicyDishesTests */ = {
			isa = PBXGroup;
			children = (
				2D92926226835964006DEBE4 /* SwiftUI_SpicyDishesTests.swift */,
				2D92926426835964006DEBE4 /* Info.plist */,
			);
			path = "SwiftUI-SpicyDishesTests";
			sourceTree = "<group>";
		};
		2D92926C26835964006DEBE4 /* SwiftUI-SpicyDishesUITests */ = {
			isa = PBXGroup;
			children = (
				2D92926D26835964006DEBE4 /* SwiftUI_SpicyDishesUITests.swift */,
				2D92926F26835964006DEBE4 /* Info.plist */,
			);
			path = "SwiftUI-SpicyDishesUITests";
			sourceTree = "<group>";
		};
/* End PBXGroup section */

/* Begin PBXNativeTarget section */
		2D92924C26835960006DEBE4 /* SwiftUI-SpicyDishes */ = {
			isa = PBXNativeTarget;
			buildConfigurationList = 2D92927226835964006DEBE4 /* Build configuration list for PBXNativeTarget "SwiftUI-SpicyDishes" */;
			buildPhases = (
				2D92924926835960006DEBE4 /* Sources */,
				2D92924A26835960006DEBE4 /* Frameworks */,
				2D92924B26835960006DEBE4 /* Resources */,
			);
			buildRules = (
			);
			dependencies = (
			);
			name = "SwiftUI-SpicyDishes";
			productName = "SwiftUI-SpicyDishes";
			productReference = 2D92924D26835960006DEBE4 /* SwiftUI-SpicyDishes.app */;
			productType = "com.apple.product-type.application";
		};
		2D92925D26835964006DEBE4 /* SwiftUI-SpicyDishesTests */ = {
			isa = PBXNativeTarget;
			buildConfigurationList = 2D92927526835964006DEBE4 /* Build configuration list for PBXNativeTarget "SwiftUI-SpicyDishesTests" */;
			buildPhases = (
				2D92925A26835964006DEBE4 /* Sources */,
				2D92925B26835964006DEBE4 /* Frameworks */,
				2D92925C26835964006DEBE4 /* Resources */,
			);
			buildRules = (
			);
			dependencies = (
				2D92926026835964006DEBE4 /* PBXTargetDependency */,
			);
			name = "SwiftUI-SpicyDishesTests";
			productName = "SwiftUI-SpicyDishesTests";
			productReference = 2D92925E26835964006DEBE4 /* SwiftUI-SpicyDishesTests.xctest */;
			productType = "com.apple.product-type.bundle.unit-test";
		};
		2D92926826835964006DEBE4 /* SwiftUI-SpicyDishesUITests */ = {
			isa = PBXNativeTarget;
			buildConfigurationList = 2D92927826835964006DEBE4 /* Build configuration list for PBXNativeTarget "SwiftUI-SpicyDishesUITests" */;
			buildPhases = (
				2D92926526835964006DEBE4 /* Sources */,
				2D92926626835964006DEBE4 /* Frameworks */,
				2D92926726835964006DEBE4 /* Resources */,
			);
			buildRules = (
			);
			dependencies = (
				2D92926B26835964006DEBE4 /* PBXTargetDependency */,
			);
			name = "SwiftUI-SpicyDishesUITests";
			productName = "SwiftUI-SpicyDishesUITests";
			productReference = 2D92926926835964006DEBE4 /* SwiftUI-SpicyDishesUITests.xctest */;
			productType = "com.apple.product-type.bundle.ui-testing";
		};
/* End PBXNativeTarget section */

/* Begin PBXProject section */
		2D92924526835960006DEBE4 /* Project object */ = {
			isa = PBXProject;
			attributes = {
				LastSwiftUpdateCheck = 1240;
				LastUpgradeCheck = 1240;
				TargetAttributes = {
					2D92924C26835960006DEBE4 = {
						CreatedOnToolsVersion = 12.4;
					};
					2D92925D26835964006DEBE4 = {
						CreatedOnToolsVersion = 12.4;
						TestTargetID = 2D92924C26835960006DEBE4;
					};
					2D92926826835964006DEBE4 = {
						CreatedOnToolsVersion = 12.4;
						TestTargetID = 2D92924C26835960006DEBE4;
					};
				};
			};
			buildConfigurationList = 2D92924826835960006DEBE4 /* Build configuration list for PBXProject "SwiftUI-SpicyDishes" */;
			compatibilityVersion = "Xcode 9.3";
			developmentRegion = en;
			hasScannedForEncodings = 0;
			knownRegions = (
				en,
				Base,
			);
			mainGroup = 2D92924426835960006DEBE4;
			productRefGroup = 2D92924E26835960006DEBE4 /* Products */;
			projectDirPath = "";
			projectRoot = "";
			targets = (
				2D92924C26835960006DEBE4 /* SwiftUI-SpicyDishes */,
				2D92925D26835964006DEBE4 /* SwiftUI-SpicyDishesTests */,
				2D92926826835964006DEBE4 /* SwiftUI-SpicyDishesUITests */,
			);
		};
/* End PBXProject section */

/* Begin PBXResourcesBuildPhase section */
		2D92924B26835960006DEBE4 /* Resources */ = {
			isa = PBXResourcesBuildPhase;
			buildActionMask = 2147483647;
			files = (
				2D92925826835963006DEBE4 /* Preview Assets.xcassets in Resources */,
				2D92925526835963006DEBE4 /* Assets.xcassets in Resources */,
			);
			runOnlyForDeploymentPostprocessing = 0;
		};
		2D92925C26835964006DEBE4 /* Resources */ = {
			isa = PBXResourcesBuildPhase;
			buildActionMask = 2147483647;
			files = (
			);
			runOnlyForDeploymentPostprocessing = 0;
		};
		2D92926726835964006DEBE4 /* Resources */ = {
			isa = PBXResourcesBuildPhase;
			buildActionMask = 2147483647;
			files = (
			);
			runOnlyForDeploymentPostprocessing = 0;
		};
/* End PBXResourcesBuildPhase section */

/* Begin PBXSourcesBuildPhase section */
		2D92924926835960006DEBE4 /* Sources */ = {
			isa = PBXSourcesBuildPhase;
			buildActionMask = 2147483647;
			files = (
				2D92925326835960006DEBE4 /* ContentView.swift in Sources */,
				2D92925126835960006DEBE4 /* SwiftUI_SpicyDishesApp.swift in Sources */,
			);
			runOnlyForDeploymentPostprocessing = 0;
		};
		2D92925A26835964006DEBE4 /* Sources */ = {
			isa = PBXSourcesBuildPhase;
			buildActionMask = 2147483647;
			files = (
				2D92926326835964006DEBE4 /* SwiftUI_SpicyDishesTests.swift in Sources */,
			);
			runOnlyForDeploymentPostprocessing = 0;
		};
		2D92926526835964006DEBE4 /* Sources */ = {
			isa = PBXSourcesBuildPhase;
			buildActionMask = 2147483647;
			files = (
				2D92926E26835964006DEBE4 /* SwiftUI_SpicyDishesUITests.swift in Sources */,
			);
			runOnlyForDeploymentPostprocessing = 0;
		};
/* End PBXSourcesBuildPhase section */

/* Begin PBXTargetDependency section */
		2D92926026835964006DEBE4 /* PBXTargetDependency */ = {
			isa = PBXTargetDependency;
			target = 2D92924C26835960006DEBE4 /* SwiftUI-SpicyDishes */;
			targetProxy = 2D92925F26835964006DEBE4 /* PBXContainerItemProxy */;
		};
		2D92926B26835964006DEBE4 /* PBXTargetDependency */ = {
			isa = PBXTargetDependency;
			target = 2D92924C26835960006DEBE4 /* SwiftUI-SpicyDishes */;
			targetProxy = 2D92926A26835964006DEBE4 /* PBXContainerItemProxy */;
		};
/* End PBXTargetDependency section */

/* Begin XCBuildConfiguration section */
		2D92927026835964006DEBE4 /* Debug */ = {
			isa = XCBuildConfiguration;
			buildSettings = {
				ALWAYS_SEARCH_USER_PATHS = NO;
				CLANG_ANALYZER_NONNULL = YES;
				CLANG_ANALYZER_NUMBER_OBJECT_CONVERSION = YES_AGGRESSIVE;
				CLANG_CXX_LANGUAGE_STANDARD = "gnu++14";
				CLANG_CXX_LIBRARY = "libc++";
				CLANG_ENABLE_MODULES = YES;
				CLANG_ENABLE_OBJC_ARC = YES;
				CLANG_ENABLE_OBJC_WEAK = YES;
				CLANG_WARN_BLOCK_CAPTURE_AUTORELEASING = YES;
				CLANG_WARN_BOOL_CONVERSION = YES;
				CLANG_WARN_COMMA = YES;
				CLANG_WARN_CONSTANT_CONVERSION = YES;
				CLANG_WARN_DEPRECATED_OBJC_IMPLEMENTATIONS = YES;
				CLANG_WARN_DIRECT_OBJC_ISA_USAGE = YES_ERROR;
				CLANG_WARN_DOCUMENTATION_COMMENTS = YES;
				CLANG_WARN_EMPTY_BODY = YES;
				CLANG_WARN_ENUM_CONVERSION = YES;
				CLANG_WARN_INFINITE_RECURSION = YES;
				CLANG_WARN_INT_CONVERSION = YES;
				CLANG_WARN_NON_LITERAL_NULL_CONVERSION = YES;
				CLANG_WARN_OBJC_IMPLICIT_RETAIN_SELF = YES;
				CLANG_WARN_OBJC_LITERAL_CONVERSION = YES;
				CLANG_WARN_OBJC_ROOT_CLASS = YES_ERROR;
				CLANG_WARN_QUOTED_INCLUDE_IN_FRAMEWORK_HEADER = YES;
				CLANG_WARN_RANGE_LOOP_ANALYSIS = YES;
				CLANG_WARN_STRICT_PROTOTYPES = YES;
				CLANG_WARN_SUSPICIOUS_MOVE = YES;
				CLANG_WARN_UNGUARDED_AVAILABILITY = YES_AGGRESSIVE;
				CLANG_WARN_UNREACHABLE_CODE = YES;
				CLANG_WARN__DUPLICATE_METHOD_MATCH = YES;
				COPY_PHASE_STRIP = NO;
				DEBUG_INFORMATION_FORMAT = dwarf;
				ENABLE_STRICT_OBJC_MSGSEND = YES;
				ENABLE_TESTABILITY = YES;
				GCC_C_LANGUAGE_STANDARD = gnu11;
				GCC_DYNAMIC_NO_PIC = NO;
				GCC_NO_COMMON_BLOCKS = YES;
				GCC_OPTIMIZATION_LEVEL = 0;
				GCC_PREPROCESSOR_DEFINITIONS = (
					"DEBUG=1",
					"$(inherited)",
				);
				GCC_WARN_64_TO_32_BIT_CONVERSION = YES;
				GCC_WARN_ABOUT_RETURN_TYPE = YES_ERROR;
				GCC_WARN_UNDECLARED_SELECTOR = YES;
				GCC_WARN_UNINITIALIZED_AUTOS = YES_AGGRESSIVE;
				GCC_WARN_UNUSED_FUNCTION = YES;
				GCC_WARN_UNUSED_VARIABLE = YES;
				IPHONEOS_DEPLOYMENT_TARGET = 14.4;
				MTL_ENABLE_DEBUG_INFO = INCLUDE_SOURCE;
				MTL_FAST_MATH = YES;
				ONLY_ACTIVE_ARCH = YES;
				SDKROOT = iphoneos;
				SWIFT_ACTIVE_COMPILATION_CONDITIONS = DEBUG;
				SWIFT_OPTIMIZATION_LEVEL = "-Onone";
			};
			name = Debug;
		};
		2D92927126835964006DEBE4 /* Release */ = {
			isa = XCBuildConfiguration;
			buildSettings = {
				ALWAYS_SEARCH_USER_PATHS = NO;
				CLANG_ANALYZER_NONNULL = YES;
				CLANG_ANALYZER_NUMBER_OBJECT_CONVERSION = YES_AGGRESSIVE;
				CLANG_CXX_LANGUAGE_STANDARD = "gnu++14";
				CLANG_CXX_LIBRARY = "libc++";
				CLANG_ENABLE_MODULES = YES;
				CLANG_ENABLE_OBJC_ARC = YES;
				CLANG_ENABLE_OBJC_WEAK = YES;
				CLANG_WARN_BLOCK_CAPTURE_AUTORELEASING = YES;
				CLANG_WARN_BOOL_CONVERSION = YES;
				CLANG_WARN_COMMA = YES;
				CLANG_WARN_CONSTANT_CONVERSION = YES;
				CLANG_WARN_DEPRECATED_OBJC_IMPLEMENTATIONS = YES;
				CLANG_WARN_DIRECT_OBJC_ISA_USAGE = YES_ERROR;
				CLANG_WARN_DOCUMENTATION_COMMENTS = YES;
				CLANG_WARN_EMPTY_BODY = YES;
				CLANG_WARN_ENUM_CONVERSION = YES;
				CLANG_WARN_INFINITE_RECURSION = YES;
				CLANG_WARN_INT_CONVERSION = YES;
				CLANG_WARN_NON_LITERAL_NULL_CONVERSION = YES;
				CLANG_WARN_OBJC_IMPLICIT_RETAIN_SELF = YES;
				CLANG_WARN_OBJC_LITERAL_CONVERSION = YES;
				CLANG_WARN_OBJC_ROOT_CLASS = YES_ERROR;
				CLANG_WARN_QUOTED_INCLUDE_IN_FRAMEWORK_HEADER = YES;
				CLANG_WARN_RANGE_LOOP_ANALYSIS = YES;
				CLANG_WARN_STRICT_PROTOTYPES = YES;
				CLANG_WARN_SUSPICIOUS_MOVE = YES;
				CLANG_WARN_UNGUARDED_AVAILABILITY = YES_AGGRESSIVE;
				CLANG_WARN_UNREACHABLE_CODE = YES;
				CLANG_WARN__DUPLICATE_METHOD_MATCH = YES;
				COPY_PHASE_STRIP = NO;
				DEBUG_INFORMATION_FORMAT = "dwarf-with-dsym";
				ENABLE_NS_ASSERTIONS = NO;
				ENABLE_STRICT_OBJC_MSGSEND = YES;
				GCC_C_LANGUAGE_STANDARD = gnu11;
				GCC_NO_COMMON_BLOCKS = YES;
				GCC_WARN_64_TO_32_BIT_CONVERSION = YES;
				GCC_WARN_ABOUT_RETURN_TYPE = YES_ERROR;
				GCC_WARN_UNDECLARED_SELECTOR = YES;
				GCC_WARN_UNINITIALIZED_AUTOS = YES_AGGRESSIVE;
				GCC_WARN_UNUSED_FUNCTION = YES;
				GCC_WARN_UNUSED_VARIABLE = YES;
				IPHONEOS_DEPLOYMENT_TARGET = 14.4;
				MTL_ENABLE_DEBUG_INFO = NO;
				MTL_FAST_MATH = YES;
				SDKROOT = iphoneos;
				SWIFT_COMPILATION_MODE = wholemodule;
				SWIFT_OPTIMIZATION_LEVEL = "-O";
				VALIDATE_PRODUCT = YES;
			};
			name = Release;
		};
		2D92927326835964006DEBE4 /* Debug */ = {
			isa = XCBuildConfiguration;
			buildSettings = {
				ASSETCATALOG_COMPILER_APPICON_NAME = AppIcon;
				ASSETCATALOG_COMPILER_GLOBAL_ACCENT_COLOR_NAME = AccentColor;
				CODE_SIGN_STYLE = Automatic;
				DEVELOPMENT_ASSET_PATHS = "\"SwiftUI-SpicyDishes/Preview Content\"";
				DEVELOPMENT_TEAM = AAWXZ6PH5F;
				ENABLE_PREVIEWS = YES;
				INFOPLIST_FILE = "SwiftUI-SpicyDishes/Info.plist";
				IPHONEOS_DEPLOYMENT_TARGET = 14.0;
				LD_RUNPATH_SEARCH_PATHS = (
					"$(inherited)",
					"@executable_path/Frameworks",
				);
				PRODUCT_BUNDLE_IDENTIFIER = "Techzi.SwiftUI-SpicyDishes";
				PRODUCT_NAME = "$(TARGET_NAME)";
				SWIFT_VERSION = 5.0;
				TARGETED_DEVICE_FAMILY = "1,2";
			};
			name = Debug;
		};
		2D92927426835964006DEBE4 /* Release */ = {
			isa = XCBuildConfiguration;
			buildSettings = {
				ASSETCATALOG_COMPILER_APPICON_NAME = AppIcon;
				ASSETCATALOG_COMPILER_GLOBAL_ACCENT_COLOR_NAME = AccentColor;
				CODE_SIGN_STYLE = Automatic;
				DEVELOPMENT_ASSET_PATHS = "\"SwiftUI-SpicyDishes/Preview Content\"";
				DEVELOPMENT_TEAM = AAWXZ6PH5F;
				ENABLE_PREVIEWS = YES;
				INFOPLIST_FILE = "SwiftUI-SpicyDishes/Info.plist";
				IPHONEOS_DEPLOYMENT_TARGET = 14.0;
				LD_RUNPATH_SEARCH_PATHS = (
					"$(inherited)",
					"@executable_path/Frameworks",
				);
				PRODUCT_BUNDLE_IDENTIFIER = "Techzi.SwiftUI-SpicyDishes";
				PRODUCT_NAME = "$(TARGET_NAME)";
				SWIFT_VERSION = 5.0;
				TARGETED_DEVICE_FAMILY = "1,2";
			};
			name = Release;
		};
		2D92927626835964006DEBE4 /* Debug */ = {
			isa = XCBuildConfiguration;
			buildSettings = {
				ALWAYS_EMBED_SWIFT_STANDARD_LIBRARIES = YES;
				BUNDLE_LOADER = "$(TEST_HOST)";
				CODE_SIGN_STYLE = Automatic;
				DEVELOPMENT_TEAM = AAWXZ6PH5F;
				INFOPLIST_FILE = "SwiftUI-SpicyDishesTests/Info.plist";
				IPHONEOS_DEPLOYMENT_TARGET = 14.0;
				LD_RUNPATH_SEARCH_PATHS = (
					"$(inherited)",
					"@executable_path/Frameworks",
					"@loader_path/Frameworks",
				);
				PRODUCT_BUNDLE_IDENTIFIER = "Techzi.SwiftUI-SpicyDishesTests";
				PRODUCT_NAME = "$(TARGET_NAME)";
				SWIFT_VERSION = 5.0;
				TARGETED_DEVICE_FAMILY = "1,2";
				TEST_HOST = "$(BUILT_PRODUCTS_DIR)/SwiftUI-SpicyDishes.app/SwiftUI-SpicyDishes";
			};
			name = Debug;
		};
		2D92927726835964006DEBE4 /* Release */ = {
			isa = XCBuildConfiguration;
			buildSettings = {
				ALWAYS_EMBED_SWIFT_STANDARD_LIBRARIES = YES;
				BUNDLE_LOADER = "$(TEST_HOST)";
				CODE_SIGN_STYLE = Automatic;
				DEVELOPMENT_TEAM = AAWXZ6PH5F;
				INFOPLIST_FILE = "SwiftUI-SpicyDishesTests/Info.plist";
				IPHONEOS_DEPLOYMENT_TARGET = 14.0;
				LD_RUNPATH_SEARCH_PATHS = (
					"$(inherited)",
					"@executable_path/Frameworks",
					"@loader_path/Frameworks",
				);
				PRODUCT_BUNDLE_IDENTIFIER = "Techzi.SwiftUI-SpicyDishesTests";
				PRODUCT_NAME = "$(TARGET_NAME)";
				SWIFT_VERSION = 5.0;
				TARGETED_DEVICE_FAMILY = "1,2";
				TEST_HOST = "$(BUILT_PRODUCTS_DIR)/SwiftUI-SpicyDishes.app/SwiftUI-SpicyDishes";
			};
			name = Release;
		};
		2D92927926835964006DEBE4 /* Debug */ = {
			isa = XCBuildConfiguration;
			buildSettings = {
				ALWAYS_EMBED_SWIFT_STANDARD_LIBRARIES = YES;
				CODE_SIGN_STYLE = Automatic;
				DEVELOPMENT_TEAM = AAWXZ6PH5F;
				INFOPLIST_FILE = "SwiftUI-SpicyDishesUITests/Info.plist";
				LD_RUNPATH_SEARCH_PATHS = (
					"$(inherited)",
					"@executable_path/Frameworks",
					"@loader_path/Frameworks",
				);
				PRODUCT_BUNDLE_IDENTIFIER = "Techzi.SwiftUI-SpicyDishesUITests";
				PRODUCT_NAME = "$(TARGET_NAME)";
				SWIFT_VERSION = 5.0;
				TARGETED_DEVICE_FAMILY = "1,2";
				TEST_TARGET_NAME = "SwiftUI-SpicyDishes";
			};
			name = Debug;
		};
		2D92927A26835964006DEBE4 /* Release */ = {
			isa = XCBuildConfiguration;
			buildSettings = {
				ALWAYS_EMBED_SWIFT_STANDARD_LIBRARIES = YES;
				CODE_SIGN_STYLE = Automatic;
				DEVELOPMENT_TEAM = AAWXZ6PH5F;
				INFOPLIST_FILE = "SwiftUI-SpicyDishesUITests/Info.plist";
				LD_RUNPATH_SEARCH_PATHS = (
					"$(inherited)",
					"@executable_path/Frameworks",
					"@loader_path/Frameworks",
				);
				PRODUCT_BUNDLE_IDENTIFIER = "Techzi.SwiftUI-SpicyDishesUITests";
				PRODUCT_NAME = "$(TARGET_NAME)";
				SWIFT_VERSION = 5.0;
				TARGETED_DEVICE_FAMILY = "1,2";
				TEST_TARGET_NAME = "SwiftUI-SpicyDishes";
			};
			name = Release;
		};
/* End XCBuildConfiguration section */

/* Begin XCConfigurationList section */
		2D92924826835960006DEBE4 /* Build configuration list for PBXProject "SwiftUI-SpicyDishes" */ = {
			isa = XCConfigurationList;
			buildConfigurations = (
				2D92927026835964006DEBE4 /* Debug */,
				2D92927126835964006DEBE4 /* Release */,
			);
			defaultConfigurationIsVisible = 0;
			defaultConfigurationName = Release;
		};
		2D92927226835964006DEBE4 /* Build configuration list for PBXNativeTarget "SwiftUI-SpicyDishes" */ = {
			isa = XCConfigurationList;
			buildConfigurations = (
				2D92927326835964006DEBE4 /* Debug */,
				2D92927426835964006DEBE4 /* Release */,
			);
			defaultConfigurationIsVisible = 0;
			defaultConfigurationName = Release;
		};
		2D92927526835964006DEBE4 /* Build configuration list for PBXNativeTarget "SwiftUI-SpicyDishesTests" */ = {
			isa = XCConfigurationList;
			buildConfigurations = (
				2D92927626835964006DEBE4 /* Debug */,
				2D92927726835964006DEBE4 /* Release */,
			);
			defaultConfigurationIsVisible = 0;
			defaultConfigurationName = Release;
		};
		2D92927826835964006DEBE4 /* Build configuration list for PBXNativeTarget "SwiftUI-SpicyDishesUITests" */ = {
			isa = XCConfigurationList;
			buildConfigurations = (
				2D92927926835964006DEBE4 /* Debug */,
				2D92927A26835964006DEBE4 /* Release */,
			);
			defaultConfigurationIsVisible = 0;
			defaultConfigurationName = Release;
		};
/* End XCConfigurationList section */
	};
	rootObject = 2D92924526835960006DEBE4 /* Project object */;
}
